
Microsoft Visual Studio Solution File, Format Version 12.00
# Visual Studio Version 18
VisualStudioVersion = 18.6.11819.183 stable
MinimumVisualStudioVersion = 10.0.40219.1
Project("{9A19103F-16F7-4668-BE54-9A1E7A4F7556}") = "KE03_INTDEV_SE_1_Base", "KE03_INTDEV_SE_1_Base\KE03_INTDEV_SE_1_Base.csproj", "{14B4DD94-F23A-4959-9CF2-1C931C8BF179}"
EndProject
Project("{9A19103F-16F7-4668-BE54-9A1E7A4F7556}") = "DataAccessLayer", "DataAccessLayer\DataAccessLayer.csproj", "{6AFC88EF-4EA9-4D51-B5B6-B8DE48583E8A}"
EndProject
Project("{2150E333-8FDC-42A3-9474-1A3956D46DE8}") = "Solution Items", "Solution Items", "{CC2E6C62-CBEF-4DA8-AC0B-64D5210B7864}"
	ProjectSection(SolutionItems) = preProject
		README.md = README.md
	EndProjectSection
EndProject
Global
	GlobalSection(SolutionConfigurationPlatforms) = preSolution
		Debug|Any CPU = Debug|Any CPU
		Release|Any CPU = Release|Any CPU
	EndGlobalSection
	GlobalSection(ProjectConfigurationPlatforms) = postSolution
		{14B4DD94-F23A-4959-9CF2-1C931C8BF179}.Debug|Any CPU.ActiveCfg = Debug|Any CPU
		{14B4DD94-F23A-4959-9CF2-1C931C8BF179}.Debug|Any CPU.Build.0 = Debug|Any CPU
		{14B4DD94-F23A-4959-9CF2-1C931C8BF179}.Release|Any CPU.ActiveCfg = Release|Any CPU
		{14B4DD94-F23A-4959-9CF2-1C931C8BF179}.Release|Any CPU.Build.0 = Release|Any CPU
		{6AFC88EF-4EA9-4D51-B5B6-B8DE48583E8A}.Debug|Any CPU.ActiveCfg = Debug|Any CPU
		{6AFC88EF-4EA9-4D51-B5B6-B8DE48583E8A}.Debug|Any CPU.Build.0 = Debug|Any CPU
		{6AFC88EF-4EA9-4D51-B5B6-B8DE48583E8A}.Release|Any CPU.ActiveCfg = Release|Any CPU
		{6AFC88EF-4EA9-4D51-B5B6-B8DE48583E8A}.Release|Any CPU.Build.0 = Release|Any CPU
	EndGlobalSection
	GlobalSection(SolutionProperties) = preSolution
		HideSolutionNode = FALSE
	EndGlobalSection
	GlobalSection(ExtensibilityGlobals) = postSolution
		SolutionGuid = {3EE8CCF5-F9D7-4E80-B574-EB7109799D7E}
	EndGlobalSection
EndGlobal
